
Microsoft Visual Studio Solution File, Format Version 12.00
# Visual Studio Version 16
VisualStudioVersion = 16.0.30204.135
MinimumVisualStudioVersion = 10.0.40219.1
Project("{9A19103F-16F7-4668-BE54-9A1E7A4F7556}") = "Csharp_Giris", "Csharp_Giris\Csharp_Giris.csproj", "{D5C87A50-FDC1-45F8-9DCE-955DA5CC811A}"
EndProject
Project("{9A19103F-16F7-4668-BE54-9A1E7A4F7556}") = "Classes", "Classes\Classes.csproj", "{E46FBE56-A885-453A-96FF-C2D10CB7E1E4}"
EndProject
Project("{FAE04EC0-301F-11D3-BF4B-00C04F79EFBC}") = "Product", "Product\Product.csproj", "{B8DDF3BB-68E2-4836-8286-DC25A46246D1}"
EndProject
Project("{9A19103F-16F7-4668-BE54-9A1E7A4F7556}") = "ProductManager", "ProductManager\ProductManager.csproj", "{64EACB2E-10D8-496E-AC26-973CAE231CDA}"
EndProject
Project("{9A19103F-16F7-4668-BE54-9A1E7A4F7556}") = "CustomerManager", "CustomerManager\CustomerManager.csproj", "{479234EA-A6A8-4DB0-960D-50D4A864200D}"
EndProject
Project("{FAE04EC0-301F-11D3-BF4B-00C04F79EFBC}") = "MyList", "MyList\MyList.csproj", "{323B1783-C308-4C4A-AD74-8A0FD049A1EC}"
EndProject
Project("{FAE04EC0-301F-11D3-BF4B-00C04F79EFBC}") = "DictionaryClass", "DictionaryClass\DictionaryClass.csproj", "{E9A944BE-D44A-48B5-A3F9-D71F5EF85BC3}"
EndProject
Project("{FAE04EC0-301F-11D3-BF4B-00C04F79EFBC}") = "BankSystem", "BankSystem\BankSystem.csproj", "{E4851790-0C7D-4D8C-BD3C-25E53FDEB23A}"
EndProject
Global
	GlobalSection(SolutionConfigurationPlatforms) = preSolution
		Debug|Any CPU = Debug|Any CPU
		Release|Any CPU = Release|Any CPU
	EndGlobalSection
	GlobalSection(ProjectConfigurationPlatforms) = postSolution
		{D5C87A50-FDC1-45F8-9DCE-955DA5CC811A}.Debug|Any CPU.ActiveCfg = Debug|Any CPU
		{D5C87A50-FDC1-45F8-9DCE-955DA5CC811A}.Debug|Any CPU.Build.0 = Debug|Any CPU
		{D5C87A50-FDC1-45F8-9DCE-955DA5CC811A}.Release|Any CPU.ActiveCfg = Release|Any CPU
		{D5C87A50-FDC1-45F8-9DCE-955DA5CC811A}.Release|Any CPU.Build.0 = Release|Any CPU
		{E46FBE56-A885-453A-96FF-C2D10CB7E1E4}.Debug|Any CPU.ActiveCfg = Debug|Any CPU
		{E46FBE56-A885-453A-96FF-C2D10CB7E1E4}.Debug|Any CPU.Build.0 = Debug|Any CPU
		{E46FBE56-A885-453A-96FF-C2D10CB7E1E4}.Release|Any CPU.ActiveCfg = Release|Any CPU
		{E46FBE56-A885-453A-96FF-C2D10CB7E1E4}.Release|Any CPU.Build.0 = Release|Any CPU
		{B8DDF3BB-68E2-4836-8286-DC25A46246D1}.Debug|Any CPU.ActiveCfg = Debug|Any CPU
		{B8DDF3BB-68E2-4836-8286-DC25A46246D1}.Debug|Any CPU.Build.0 = Debug|Any CPU
		{B8DDF3BB-68E2-4836-8286-DC25A46246D1}.Release|Any CPU.ActiveCfg = Release|Any CPU
		{B8DDF3BB-68E2-4836-8286-DC25A46246D1}.Release|Any CPU.Build.0 = Release|Any CPU
		{64EACB2E-10D8-496E-AC26-973CAE231CDA}.Debug|Any CPU.ActiveCfg = Debug|Any CPU
		{64EACB2E-10D8-496E-AC26-973CAE231CDA}.Debug|Any CPU.Build.0 = Debug|Any CPU
		{64EACB2E-10D8-496E-AC26-973CAE231CDA}.Release|Any CPU.ActiveCfg = Release|Any CPU
		{64EACB2E-10D8-496E-AC26-973CAE231CDA}.Release|Any CPU.Build.0 = Release|Any CPU
		{479234EA-A6A8-4DB0-960D-50D4A864200D}.Debug|Any CPU.ActiveCfg = Debug|Any CPU
		{479234EA-A6A8-4DB0-960D-50D4A864200D}.Debug|Any CPU.Build.0 = Debug|Any CPU
		{479234EA-A6A8-4DB0-960D-50D4A864200D}.Release|Any CPU.ActiveCfg = Release|Any CPU
		{479234EA-A6A8-4DB0-960D-50D4A864200D}.Release|Any CPU.Build.0 = Release|Any CPU
		{323B1783-C308-4C4A-AD74-8A0FD049A1EC}.Debug|Any CPU.ActiveCfg = Debug|Any CPU
		{323B1783-C308-4C4A-AD74-8A0FD049A1EC}.Debug|Any CPU.Build.0 = Debug|Any CPU
		{323B1783-C308-4C4A-AD74-8A0FD049A1EC}.Release|Any CPU.ActiveCfg = Release|Any CPU
		{323B1783-C308-4C4A-AD74-8A0FD049A1EC}.Release|Any CPU.Build.0 = Release|Any CPU
		{E9A944BE-D44A-48B5-A3F9-D71F5EF85BC3}.Debug|Any CPU.ActiveCfg = Debug|Any CPU
		{E9A944BE-D44A-48B5-A3F9-D71F5EF85BC3}.Debug|Any CPU.Build.0 = Debug|Any CPU
		{E9A944BE-D44A-48B5-A3F9-D71F5EF85BC3}.Release|Any CPU.ActiveCfg = Release|Any CPU
		{E9A944BE-D44A-48B5-A3F9-D71F5EF85BC3}.Release|Any CPU.Build.0 = Release|Any CPU
		{E4851790-0C7D-4D8C-BD3C-25E53FDEB23A}.Debug|Any CPU.ActiveCfg = Debug|Any CPU
		{E4851790-0C7D-4D8C-BD3C-25E53FDEB23A}.Debug|Any CPU.Build.0 = Debug|Any CPU
		{E4851790-0C7D-4D8C-BD3C-25E53FDEB23A}.Release|Any CPU.ActiveCfg = Release|Any CPU
		{E4851790-0C7D-4D8C-BD3C-25E53FDEB23A}.Release|Any CPU.Build.0 = Release|Any CPU
	EndGlobalSection
	GlobalSection(SolutionProperties) = preSolution
		HideSolutionNode = FALSE
	EndGlobalSection
	GlobalSection(ExtensibilityGlobals) = postSolution
		SolutionGuid = {FE90873E-A054-472A-9A56-863ADC909DBC}
	EndGlobalSection
EndGlobal
